
Microsoft Visual Studio Solution File, Format Version 12.00
# Visual Studio 14
VisualStudioVersion = 14.0.25420.1
MinimumVisualStudioVersion = 10.0.40219.1
Project("{FAE04EC0-301F-11D3-BF4B-00C04F79EFBC}") = "UserAccessSystem", "UserAccessSystem\UserAccessSystem.csproj", "{2765A290-7670-4B0E-A39E-3ACDD2E0CF69}"
EndProject
Project("{FAE04EC0-301F-11D3-BF4B-00C04F79EFBC}") = "UserAccessSystem.Tests", "UserAccessSystem.Tests\UserAccessSystem.Tests.csproj", "{D79AC6E6-141B-4BB4-8859-7322CA0D340D}"
EndProject
Global
	GlobalSection(SolutionConfigurationPlatforms) = preSolution
		Debug|Any CPU = Debug|Any CPU
		Release|Any CPU = Release|Any CPU
	EndGlobalSection
	GlobalSection(ProjectConfigurationPlatforms) = postSolution
		{2765A290-7670-4B0E-A39E-3ACDD2E0CF69}.Debug|Any CPU.ActiveCfg = Debug|Any CPU
		{2765A290-7670-4B0E-A39E-3ACDD2E0CF69}.Debug|Any CPU.Build.0 = Debug|Any CPU
		{2765A290-7670-4B0E-A39E-3ACDD2E0CF69}.Release|Any CPU.ActiveCfg = Release|Any CPU
		{2765A290-7670-4B0E-A39E-3ACDD2E0CF69}.Release|Any CPU.Build.0 = Release|Any CPU
		{D79AC6E6-141B-4BB4-8859-7322CA0D340D}.Debug|Any CPU.ActiveCfg = Debug|Any CPU
		{D79AC6E6-141B-4BB4-8859-7322CA0D340D}.Debug|Any CPU.Build.0 = Debug|Any CPU
		{D79AC6E6-141B-4BB4-8859-7322CA0D340D}.Release|Any CPU.ActiveCfg = Release|Any CPU
		{D79AC6E6-141B-4BB4-8859-7322CA0D340D}.Release|Any CPU.Build.0 = Release|Any CPU
	EndGlobalSection
	GlobalSection(SolutionProperties) = preSolution
		HideSolutionNode = FALSE
	EndGlobalSection
EndGlobal
